// !$*UTF8*$!
{
	archiveVersion = 1;
	classes = {
	};
	objectVersion = 50;
	objects = {

/* Begin PBXBuildFile section */
		9371887F254D8D6D00EA8C80 /* Character.swift in Sources */ = {isa = PBXBuildFile; fileRef = 9371887E254D8D6D00EA8C80 /* Character.swift */; };
		93718894254D8D9500EA8C80 /* Weapon.swift in Sources */ = {isa = PBXBuildFile; fileRef = 93718893254D8D9500EA8C80 /* Weapon.swift */; };
		937188AC254D8DBE00EA8C80 /* Jeu.swift in Sources */ = {isa = PBXBuildFile; fileRef = 937188AB254D8DBE00EA8C80 /* Jeu.swift */; };
		937188AF254D8DC600EA8C80 /* Joueur.swift in Sources */ = {isa = PBXBuildFile; fileRef = 937188AE254D8DC500EA8C80 /* Joueur.swift */; };
		9382B69D256A7EEA00237440 /* Dragon.swift in Sources */ = {isa = PBXBuildFile; fileRef = 9382B69C256A7EEA00237440 /* Dragon.swift */; };
		9382B6A0256A819800237440 /* Elf.swift in Sources */ = {isa = PBXBuildFile; fileRef = 9382B69F256A819800237440 /* Elf.swift */; };
		9382B6A4256A827400237440 /* Dwarfs.swift in Sources */ = {isa = PBXBuildFile; fileRef = 9382B6A3256A827400237440 /* Dwarfs.swift */; };
		9382B6B9256A8A7300237440 /* Fire.swift in Sources */ = {isa = PBXBuildFile; fileRef = 9382B6B8256A8A7300237440 /* Fire.swift */; };
		9382B6BD256A8B1B00237440 /* Arc.swift in Sources */ = {isa = PBXBuildFile; fileRef = 9382B6BC256A8B1B00237440 /* Arc.swift */; };
		9382B6C1256A8B9700237440 /* Sword.swift in Sources */ = {isa = PBXBuildFile; fileRef = 9382B6C0256A8B9700237440 /* Sword.swift */; };
		93FC3C95254D8C0500D3427E /* main.swift in Sources */ = {isa = PBXBuildFile; fileRef = 93FC3C94254D8C0500D3427E /* main.swift */; };
/* End PBXBuildFile section */

/* Begin PBXCopyFilesBuildPhase section */
		93FC3C8F254D8C0500D3427E /* CopyFiles */ = {
			isa = PBXCopyFilesBuildPhase;
			buildActionMask = 2147483647;
			dstPath = /usr/share/man/man1/;
			dstSubfolderSpec = 0;
			files = (
			);
			runOnlyForDeploymentPostprocessing = 1;
		};
/* End PBXCopyFilesBuildPhase section */

/* Begin PBXFileReference section */
		9371887E254D8D6D00EA8C80 /* Character.swift */ = {isa = PBXFileReference; fileEncoding = 4; lastKnownFileType = sourcecode.swift; path = Character.swift; sourceTree = "<group>"; };
		93718893254D8D9500EA8C80 /* Weapon.swift */ = {isa = PBXFileReference; fileEncoding = 4; lastKnownFileType = sourcecode.swift; path = Weapon.swift; sourceTree = "<group>"; };
		937188AB254D8DBE00EA8C80 /* Jeu.swift */ = {isa = PBXFileReference; fileEncoding = 4; lastKnownFileType = sourcecode.swift; path = Jeu.swift; sourceTree = "<group>"; };
		937188AE254D8DC500EA8C80 /* Joueur.swift */ = {isa = PBXFileReference; fileEncoding = 4; lastKnownFileType = sourcecode.swift; path = Joueur.swift; sourceTree = "<group>"; };
		9382B69C256A7EEA00237440 /* Dragon.swift */ = {isa = PBXFileReference; lastKnownFileType = sourcecode.swift; path = Dragon.swift; sourceTree = "<group>"; };
		9382B69F256A819800237440 /* Elf.swift */ = {isa = PBXFileReference; lastKnownFileType = sourcecode.swift; path = Elf.swift; sourceTree = "<group>"; };
		9382B6A3256A827400237440 /* Dwarfs.swift */ = {isa = PBXFileReference; lastKnownFileType = sourcecode.swift; path = Dwarfs.swift; sourceTree = "<group>"; };
		9382B6B8256A8A7300237440 /* Fire.swift */ = {isa = PBXFileReference; lastKnownFileType = sourcecode.swift; path = Fire.swift; sourceTree = "<group>"; };
		9382B6BC256A8B1B00237440 /* Arc.swift */ = {isa = PBXFileReference; lastKnownFileType = sourcecode.swift; path = Arc.swift; sourceTree = "<group>"; };
		9382B6C0256A8B9700237440 /* Sword.swift */ = {isa = PBXFileReference; lastKnownFileType = sourcecode.swift; path = Sword.swift; sourceTree = "<group>"; };
		93FC3C91254D8C0500D3427E /* P3FrenchGameFactory */ = {isa = PBXFileReference; explicitFileType = "compiled.mach-o.executable"; includeInIndex = 0; path = P3FrenchGameFactory; sourceTree = BUILT_PRODUCTS_DIR; };
		93FC3C94254D8C0500D3427E /* main.swift */ = {isa = PBXFileReference; lastKnownFileType = sourcecode.swift; path = main.swift; sourceTree = "<group>"; };
/* End PBXFileReference section */

/* Begin PBXFrameworksBuildPhase section */
		93FC3C8E254D8C0500D3427E /* Frameworks */ = {
			isa = PBXFrameworksBuildPhase;
			buildActionMask = 2147483647;
			files = (
			);
			runOnlyForDeploymentPostprocessing = 0;
		};
/* End PBXFrameworksBuildPhase section */

/* Begin PBXGroup section */
		93FC3C88254D8C0500D3427E = {
			isa = PBXGroup;
			children = (
				93FC3C93254D8C0500D3427E /* P3FrenchGameFactory */,
				93FC3C92254D8C0500D3427E /* Products */,
			);
			sourceTree = "<group>";
		};
		93FC3C92254D8C0500D3427E /* Products */ = {
			isa = PBXGroup;
			children = (
				93FC3C91254D8C0500D3427E /* P3FrenchGameFactory */,
			);
			name = Products;
			sourceTree = "<group>";
		};
		93FC3C93254D8C0500D3427E /* P3FrenchGameFactory */ = {
			isa = PBXGroup;
			children = (
				93FC3C94254D8C0500D3427E /* main.swift */,
				9371887E254D8D6D00EA8C80 /* Character.swift */,
				9382B69C256A7EEA00237440 /* Dragon.swift */,
				9382B69F256A819800237440 /* Elf.swift */,
				9382B6A3256A827400237440 /* Dwarfs.swift */,
				93718893254D8D9500EA8C80 /* Weapon.swift */,
				9382B6B8256A8A7300237440 /* Fire.swift */,
				9382B6BC256A8B1B00237440 /* Arc.swift */,
				9382B6C0256A8B9700237440 /* Sword.swift */,
				937188AB254D8DBE00EA8C80 /* Jeu.swift */,
				937188AE254D8DC500EA8C80 /* Joueur.swift */,
			);
			path = P3FrenchGameFactory;
			sourceTree = "<group>";
		};
/* End PBXGroup section */

/* Begin PBXNativeTarget section */
		93FC3C90254D8C0500D3427E /* P3FrenchGameFactory */ = {
			isa = PBXNativeTarget;
			buildConfigurationList = 93FC3C98254D8C0500D3427E /* Build configuration list for PBXNativeTarget "P3FrenchGameFactory" */;
			buildPhases = (
				93FC3C8D254D8C0500D3427E /* Sources */,
				93FC3C8E254D8C0500D3427E /* Frameworks */,
				93FC3C8F254D8C0500D3427E /* CopyFiles */,
			);
			buildRules = (
			);
			dependencies = (
			);
			name = P3FrenchGameFactory;
			productName = FrenchGameFactory2;
			productReference = 93FC3C91254D8C0500D3427E /* P3FrenchGameFactory */;
			productType = "com.apple.product-type.tool";
		};
/* End PBXNativeTarget section */

/* Begin PBXProject section */
		93FC3C89254D8C0500D3427E /* Project object */ = {
			isa = PBXProject;
			attributes = {
				LastSwiftUpdateCheck = 1200;
				LastUpgradeCheck = 1210;
				TargetAttributes = {
					93FC3C90254D8C0500D3427E = {
						CreatedOnToolsVersion = 12.0.1;
					};
				};
			};
			buildConfigurationList = 93FC3C8C254D8C0500D3427E /* Build configuration list for PBXProject "P3FrenchGameFactory" */;
			compatibilityVersion = "Xcode 9.3";
			developmentRegion = en;
			hasScannedForEncodings = 0;
			knownRegions = (
				en,
				Base,
			);
			mainGroup = 93FC3C88254D8C0500D3427E;
			productRefGroup = 93FC3C92254D8C0500D3427E /* Products */;
			projectDirPath = "";
			projectRoot = "";
			targets = (
				93FC3C90254D8C0500D3427E /* P3FrenchGameFactory */,
			);
		};
/* End PBXProject section */

/* Begin PBXSourcesBuildPhase section */
		93FC3C8D254D8C0500D3427E /* Sources */ = {
			isa = PBXSourcesBuildPhase;
			buildActionMask = 2147483647;
			files = (
				9382B6B9256A8A7300237440 /* Fire.swift in Sources */,
				937188AC254D8DBE00EA8C80 /* Jeu.swift in Sources */,
				9382B6A4256A827400237440 /* Dwarfs.swift in Sources */,
				93FC3C95254D8C0500D3427E /* main.swift in Sources */,
				93718894254D8D9500EA8C80 /* Weapon.swift in Sources */,
				9382B6C1256A8B9700237440 /* Sword.swift in Sources */,
				9382B6A0256A819800237440 /* Elf.swift in Sources */,
				9382B6BD256A8B1B00237440 /* Arc.swift in Sources */,
				9382B69D256A7EEA00237440 /* Dragon.swift in Sources */,
				9371887F254D8D6D00EA8C80 /* Character.swift in Sources */,
				937188AF254D8DC600EA8C80 /* Joueur.swift in Sources */,
			);
			runOnlyForDeploymentPostprocessing = 0;
		};
/* End PBXSourcesBuildPhase section */

/* Begin XCBuildConfiguration section */
		93FC3C96254D8C0500D3427E /* Debug */ = {
			isa = XCBuildConfiguration;
			buildSettings = {
				ALWAYS_SEARCH_USER_PATHS = NO;
				CLANG_ANALYZER_NONNULL = YES;
				CLANG_ANALYZER_NUMBER_OBJECT_CONVERSION = YES_AGGRESSIVE;
				CLANG_CXX_LANGUAGE_STANDARD = "gnu++14";
				CLANG_CXX_LIBRARY = "libc++";
				CLANG_ENABLE_MODULES = YES;
				CLANG_ENABLE_OBJC_ARC = YES;
				CLANG_ENABLE_OBJC_WEAK = YES;
				CLANG_WARN_BLOCK_CAPTURE_AUTORELEASING = YES;
				CLANG_WARN_BOOL_CONVERSION = YES;
				CLANG_WARN_COMMA = YES;
				CLANG_WARN_CONSTANT_CONVERSION = YES;
				CLANG_WARN_DEPRECATED_OBJC_IMPLEMENTATIONS = YES;
				CLANG_WARN_DIRECT_OBJC_ISA_USAGE = YES_ERROR;
				CLANG_WARN_DOCUMENTATION_COMMENTS = YES;
				CLANG_WARN_EMPTY_BODY = YES;
				CLANG_WARN_ENUM_CONVERSION = YES;
				CLANG_WARN_INFINITE_RECURSION = YES;
				CLANG_WARN_INT_CONVERSION = YES;
				CLANG_WARN_NON_LITERAL_NULL_CONVERSION = YES;
				CLANG_WARN_OBJC_IMPLICIT_RETAIN_SELF = YES;
				CLANG_WARN_OBJC_LITERAL_CONVERSION = YES;
				CLANG_WARN_OBJC_ROOT_CLASS = YES_ERROR;
				CLANG_WARN_QUOTED_INCLUDE_IN_FRAMEWORK_HEADER = YES;
				CLANG_WARN_RANGE_LOOP_ANALYSIS = YES;
				CLANG_WARN_STRICT_PROTOTYPES = YES;
				CLANG_WARN_SUSPICIOUS_MOVE = YES;
				CLANG_WARN_UNGUARDED_AVAILABILITY = YES_AGGRESSIVE;
				CLANG_WARN_UNREACHABLE_CODE = YES;
				CLANG_WARN__DUPLICATE_METHOD_MATCH = YES;
				COPY_PHASE_STRIP = NO;
				DEBUG_INFORMATION_FORMAT = dwarf;
				ENABLE_STRICT_OBJC_MSGSEND = YES;
				ENABLE_TESTABILITY = YES;
				GCC_C_LANGUAGE_STANDARD = gnu11;
				GCC_DYNAMIC_NO_PIC = NO;
				GCC_NO_COMMON_BLOCKS = YES;
				GCC_OPTIMIZATION_LEVEL = 0;
				GCC_PREPROCESSOR_DEFINITIONS = (
					"DEBUG=1",
					"$(inherited)",
				);
				GCC_WARN_64_TO_32_BIT_CONVERSION = YES;
				GCC_WARN_ABOUT_RETURN_TYPE = YES_ERROR;
				GCC_WARN_UNDECLARED_SELECTOR = YES;
				GCC_WARN_UNINITIALIZED_AUTOS = YES_AGGRESSIVE;
				GCC_WARN_UNUSED_FUNCTION = YES;
				GCC_WARN_UNUSED_VARIABLE = YES;
				MACOSX_DEPLOYMENT_TARGET = 10.15;
				MTL_ENABLE_DEBUG_INFO = INCLUDE_SOURCE;
				MTL_FAST_MATH = YES;
				ONLY_ACTIVE_ARCH = YES;
				SDKROOT = macosx;
				SWIFT_ACTIVE_COMPILATION_CONDITIONS = DEBUG;
				SWIFT_OPTIMIZATION_LEVEL = "-Onone";
			};
			name = Debug;
		};
		93FC3C97254D8C0500D3427E /* Release */ = {
			isa = XCBuildConfiguration;
			buildSettings = {
				ALWAYS_SEARCH_USER_PATHS = NO;
				CLANG_ANALYZER_NONNULL = YES;
				CLANG_ANALYZER_NUMBER_OBJECT_CONVERSION = YES_AGGRESSIVE;
				CLANG_CXX_LANGUAGE_STANDARD = "gnu++14";
				CLANG_CXX_LIBRARY = "libc++";
				CLANG_ENABLE_MODULES = YES;
				CLANG_ENABLE_OBJC_ARC = YES;
				CLANG_ENABLE_OBJC_WEAK = YES;
				CLANG_WARN_BLOCK_CAPTURE_AUTORELEASING = YES;
				CLANG_WARN_BOOL_CONVERSION = YES;
				CLANG_WARN_COMMA = YES;
				CLANG_WARN_CONSTANT_CONVERSION = YES;
				CLANG_WARN_DEPRECATED_OBJC_IMPLEMENTATIONS = YES;
				CLANG_WARN_DIRECT_OBJC_ISA_USAGE = YES_ERROR;
				CLANG_WARN_DOCUMENTATION_COMMENTS = YES;
				CLANG_WARN_EMPTY_BODY = YES;
				CLANG_WARN_ENUM_CONVERSION = YES;
				CLANG_WARN_INFINITE_RECURSION = YES;
				CLANG_WARN_INT_CONVERSION = YES;
				CLANG_WARN_NON_LITERAL_NULL_CONVERSION = YES;
				CLANG_WARN_OBJC_IMPLICIT_RETAIN_SELF = YES;
				CLANG_WARN_OBJC_LITERAL_CONVERSION = YES;
				CLANG_WARN_OBJC_ROOT_CLASS = YES_ERROR;
				CLANG_WARN_QUOTED_INCLUDE_IN_FRAMEWORK_HEADER = YES;
				CLANG_WARN_RANGE_LOOP_ANALYSIS = YES;
				CLANG_WARN_STRICT_PROTOTYPES = YES;
				CLANG_WARN_SUSPICIOUS_MOVE = YES;
				CLANG_WARN_UNGUARDED_AVAILABILITY = YES_AGGRESSIVE;
				CLANG_WARN_UNREACHABLE_CODE = YES;
				CLANG_WARN__DUPLICATE_METHOD_MATCH = YES;
				COPY_PHASE_STRIP = NO;
				DEBUG_INFORMATION_FORMAT = "dwarf-with-dsym";
				ENABLE_NS_ASSERTIONS = NO;
				ENABLE_STRICT_OBJC_MSGSEND = YES;
				GCC_C_LANGUAGE_STANDARD = gnu11;
				GCC_NO_COMMON_BLOCKS = YES;
				GCC_WARN_64_TO_32_BIT_CONVERSION = YES;
				GCC_WARN_ABOUT_RETURN_TYPE = YES_ERROR;
				GCC_WARN_UNDECLARED_SELECTOR = YES;
				GCC_WARN_UNINITIALIZED_AUTOS = YES_AGGRESSIVE;
				GCC_WARN_UNUSED_FUNCTION = YES;
				GCC_WARN_UNUSED_VARIABLE = YES;
				MACOSX_DEPLOYMENT_TARGET = 10.15;
				MTL_ENABLE_DEBUG_INFO = NO;
				MTL_FAST_MATH = YES;
				SDKROOT = macosx;
				SWIFT_COMPILATION_MODE = wholemodule;
				SWIFT_OPTIMIZATION_LEVEL = "-O";
			};
			name = Release;
		};
		93FC3C99254D8C0500D3427E /* Debug */ = {
			isa = XCBuildConfiguration;
			buildSettings = {
				CODE_SIGN_IDENTITY = "-";
				CODE_SIGN_STYLE = Automatic;
				PRODUCT_NAME = "$(TARGET_NAME)";
				SWIFT_VERSION = 5.0;
			};
			name = Debug;
		};
		93FC3C9A254D8C0500D3427E /* Release */ = {
			isa = XCBuildConfiguration;
			buildSettings = {
				CODE_SIGN_IDENTITY = "-";
				CODE_SIGN_STYLE = Automatic;
				PRODUCT_NAME = "$(TARGET_NAME)";
				SWIFT_VERSION = 5.0;
			};
			name = Release;
		};
/* End XCBuildConfiguration section */

/* Begin XCConfigurationList section */
		93FC3C8C254D8C0500D3427E /* Build configuration list for PBXProject "P3FrenchGameFactory" */ = {
			isa = XCConfigurationList;
			buildConfigurations = (
				93FC3C96254D8C0500D3427E /* Debug */,
				93FC3C97254D8C0500D3427E /* Release */,
			);
			defaultConfigurationIsVisible = 0;
			defaultConfigurationName = Release;
		};
		93FC3C98254D8C0500D3427E /* Build configuration list for PBXNativeTarget "P3FrenchGameFactory" */ = {
			isa = XCConfigurationList;
			buildConfigurations = (
				93FC3C99254D8C0500D3427E /* Debug */,
				93FC3C9A254D8C0500D3427E /* Release */,
			);
			defaultConfigurationIsVisible = 0;
			defaultConfigurationName = Release;
		};
/* End XCConfigurationList section */
	};
	rootObject = 93FC3C89254D8C0500D3427E /* Project object */;
}
